// !$*UTF8*$!
{
	archiveVersion = 1;
	classes = {
	};
	objectVersion = 50;
	objects = {

/* Begin PBXBuildFile section */
		181BE608227C65020067519E /* AppDelegate.swift in Sources */ = {isa = PBXBuildFile; fileRef = 181BE607227C65020067519E /* AppDelegate.swift */; };
		181BE60A227C65020067519E /* ViewController.swift in Sources */ = {isa = PBXBuildFile; fileRef = 181BE609227C65020067519E /* ViewController.swift */; };
		181BE60D227C65020067519E /* Main.storyboard in Resources */ = {isa = PBXBuildFile; fileRef = 181BE60B227C65020067519E /* Main.storyboard */; };
		181BE60F227C65040067519E /* Assets.xcassets in Resources */ = {isa = PBXBuildFile; fileRef = 181BE60E227C65040067519E /* Assets.xcassets */; };
		181BE612227C65040067519E /* LaunchScreen.storyboard in Resources */ = {isa = PBXBuildFile; fileRef = 181BE610227C65040067519E /* LaunchScreen.storyboard */; };
		181BE61B227C6B390067519E /* ship.scn in Resources */ = {isa = PBXBuildFile; fileRef = 181BE619227C6B390067519E /* ship.scn */; };
		181BE61C227C6B390067519E /* texture.png in Resources */ = {isa = PBXBuildFile; fileRef = 181BE61A227C6B390067519E /* texture.png */; };
		181BE61F227C6BAE0067519E /* SpaceShip.swift in Sources */ = {isa = PBXBuildFile; fileRef = 181BE61E227C6BAE0067519E /* SpaceShip.swift */; };
/* End PBXBuildFile section */

/* Begin PBXFileReference section */
		181BE604227C65020067519E /* ARKit-Class2.app */ = {isa = PBXFileReference; explicitFileType = wrapper.application; includeInIndex = 0; path = "ARKit-Class2.app"; sourceTree = BUILT_PRODUCTS_DIR; };
		181BE607227C65020067519E /* AppDelegate.swift */ = {isa = PBXFileReference; lastKnownFileType = sourcecode.swift; path = AppDelegate.swift; sourceTree = "<group>"; };
		181BE609227C65020067519E /* ViewController.swift */ = {isa = PBXFileReference; lastKnownFileType = sourcecode.swift; path = ViewController.swift; sourceTree = "<group>"; };
		181BE60C227C65020067519E /* Base */ = {isa = PBXFileReference; lastKnownFileType = file.storyboard; name = Base; path = Base.lproj/Main.storyboard; sourceTree = "<group>"; };
		181BE60E227C65040067519E /* Assets.xcassets */ = {isa = PBXFileReference; lastKnownFileType = folder.assetcatalog; path = Assets.xcassets; sourceTree = "<group>"; };
		181BE611227C65040067519E /* Base */ = {isa = PBXFileReference; lastKnownFileType = file.storyboard; name = Base; path = Base.lproj/LaunchScreen.storyboard; sourceTree = "<group>"; };
		181BE613227C65040067519E /* Info.plist */ = {isa = PBXFileReference; lastKnownFileType = text.plist.xml; path = Info.plist; sourceTree = "<group>"; };
		181BE619227C6B390067519E /* ship.scn */ = {isa = PBXFileReference; lastKnownFileType = file.bplist; path = ship.scn; sourceTree = "<group>"; };
		181BE61A227C6B390067519E /* texture.png */ = {isa = PBXFileReference; lastKnownFileType = image.png; path = texture.png; sourceTree = "<group>"; };
		181BE61E227C6BAE0067519E /* SpaceShip.swift */ = {isa = PBXFileReference; lastKnownFileType = sourcecode.swift; path = SpaceShip.swift; sourceTree = "<group>"; };
/* End PBXFileReference section */

/* Begin PBXFrameworksBuildPhase section */
		181BE601227C65020067519E /* Frameworks */ = {
			isa = PBXFrameworksBuildPhase;
			buildActionMask = 2147483647;
			files = (
			);
			runOnlyForDeploymentPostprocessing = 0;
		};
/* End PBXFrameworksBuildPhase section */

/* Begin PBXGroup section */
		181BE5FB227C65020067519E = {
			isa = PBXGroup;
			children = (
				181BE606227C65020067519E /* ARKit-Class2 */,
				181BE605227C65020067519E /* Products */,
			);
			sourceTree = "<group>";
		};
		181BE605227C65020067519E /* Products */ = {
			isa = PBXGroup;
			children = (
				181BE604227C65020067519E /* ARKit-Class2.app */,
			);
			name = Products;
			sourceTree = "<group>";
		};
		181BE606227C65020067519E /* ARKit-Class2 */ = {
			isa = PBXGroup;
			children = (
				181BE61D227C6B3E0067519E /* Scene */,
				181BE607227C65020067519E /* AppDelegate.swift */,
				181BE609227C65020067519E /* ViewController.swift */,
				181BE61E227C6BAE0067519E /* SpaceShip.swift */,
				181BE60B227C65020067519E /* Main.storyboard */,
				181BE60E227C65040067519E /* Assets.xcassets */,
				181BE610227C65040067519E /* LaunchScreen.storyboard */,
				181BE613227C65040067519E /* Info.plist */,
			);
			path = "ARKit-Class2";
			sourceTree = "<group>";
		};
		181BE61D227C6B3E0067519E /* Scene */ = {
			isa = PBXGroup;
			children = (
				181BE619227C6B390067519E /* ship.scn */,
				181BE61A227C6B390067519E /* texture.png */,
			);
			path = Scene;
			sourceTree = "<group>";
		};
/* End PBXGroup section */

/* Begin PBXNativeTarget section */
		181BE603227C65020067519E /* ARKit-Class2 */ = {
			isa = PBXNativeTarget;
			buildConfigurationList = 181BE616227C65040067519E /* Build configuration list for PBXNativeTarget "ARKit-Class2" */;
			buildPhases = (
				181BE600227C65020067519E /* Sources */,
				181BE601227C65020067519E /* Frameworks */,
				181BE602227C65020067519E /* Resources */,
			);
			buildRules = (
			);
			dependencies = (
			);
			name = "ARKit-Class2";
			productName = "ARKit-Class2";
			productReference = 181BE604227C65020067519E /* ARKit-Class2.app */;
			productType = "com.apple.product-type.application";
		};
/* End PBXNativeTarget section */

/* Begin PBXProject section */
		181BE5FC227C65020067519E /* Project object */ = {
			isa = PBXProject;
			attributes = {
				LastSwiftUpdateCheck = 1020;
				LastUpgradeCheck = 1020;
				ORGANIZATIONNAME = appsmall;
				TargetAttributes = {
					181BE603227C65020067519E = {
						CreatedOnToolsVersion = 10.2;
					};
				};
			};
			buildConfigurationList = 181BE5FF227C65020067519E /* Build configuration list for PBXProject "ARKit-Class2" */;
			compatibilityVersion = "Xcode 9.3";
			developmentRegion = en;
			hasScannedForEncodings = 0;
			knownRegions = (
				en,
				Base,
			);
			mainGroup = 181BE5FB227C65020067519E;
			productRefGroup = 181BE605227C65020067519E /* Products */;
			projectDirPath = "";
			projectRoot = "";
			targets = (
				181BE603227C65020067519E /* ARKit-Class2 */,
			);
		};
/* End PBXProject section */

/* Begin PBXResourcesBuildPhase section */
		181BE602227C65020067519E /* Resources */ = {
			isa = PBXResourcesBuildPhase;
			buildActionMask = 2147483647;
			files = (
				181BE61C227C6B390067519E /* texture.png in Resources */,
				181BE612227C65040067519E /* LaunchScreen.storyboard in Resources */,
				181BE60F227C65040067519E /* Assets.xcassets in Resources */,
				181BE61B227C6B390067519E /* ship.scn in Resources */,
				181BE60D227C65020067519E /* Main.storyboard in Resources */,
			);
			runOnlyForDeploymentPostprocessing = 0;
		};
/* End PBXResourcesBuildPhase section */

/* Begin PBXSourcesBuildPhase section */
		181BE600227C65020067519E /* Sources */ = {
			isa = PBXSourcesBuildPhase;
			buildActionMask = 2147483647;
			files = (
				181BE61F227C6BAE0067519E /* SpaceShip.swift in Sources */,
				181BE60A227C65020067519E /* ViewController.swift in Sources */,
				181BE608227C65020067519E /* AppDelegate.swift in Sources */,
			);
			runOnlyForDeploymentPostprocessing = 0;
		};
/* End PBXSourcesBuildPhase section */

/* Begin PBXVariantGroup section */
		181BE60B227C65020067519E /* Main.storyboard */ = {
			isa = PBXVariantGroup;
			children = (
				181BE60C227C65020067519E /* Base */,
			);
			name = Main.storyboard;
			sourceTree = "<group>";
		};
		181BE610227C65040067519E /* LaunchScreen.storyboard */ = {
			isa = PBXVariantGroup;
			children = (
				181BE611227C65040067519E /* Base */,
			);
			name = LaunchScreen.storyboard;
			sourceTree = "<group>";
		};
/* End PBXVariantGroup section */

/* Begin XCBuildConfiguration section */
		181BE614227C65040067519E /* Debug */ = {
			isa = XCBuildConfiguration;
			buildSettings = {
				ALWAYS_SEARCH_USER_PATHS = NO;
				CLANG_ANALYZER_NONNULL = YES;
				CLANG_ANALYZER_NUMBER_OBJECT_CONVERSION = YES_AGGRESSIVE;
				CLANG_CXX_LANGUAGE_STANDARD = "gnu++14";
				CLANG_CXX_LIBRARY = "libc++";
				CLANG_ENABLE_MODULES = YES;
				CLANG_ENABLE_OBJC_ARC = YES;
				CLANG_ENABLE_OBJC_WEAK = YES;
				CLANG_WARN_BLOCK_CAPTURE_AUTORELEASING = YES;
				CLANG_WARN_BOOL_CONVERSION = YES;
				CLANG_WARN_COMMA = YES;
				CLANG_WARN_CONSTANT_CONVERSION = YES;
				CLANG_WARN_DEPRECATED_OBJC_IMPLEMENTATIONS = YES;
				CLANG_WARN_DIRECT_OBJC_ISA_USAGE = YES_ERROR;
				CLANG_WARN_DOCUMENTATION_COMMENTS = YES;
				CLANG_WARN_EMPTY_BODY = YES;
				CLANG_WARN_ENUM_CONVERSION = YES;
				CLANG_WARN_INFINITE_RECURSION = YES;
				CLANG_WARN_INT_CONVERSION = YES;
				CLANG_WARN_NON_LITERAL_NULL_CONVERSION = YES;
				CLANG_WARN_OBJC_IMPLICIT_RETAIN_SELF = YES;
				CLANG_WARN_OBJC_LITERAL_CONVERSION = YES;
				CLANG_WARN_OBJC_ROOT_CLASS = YES_ERROR;
				CLANG_WARN_RANGE_LOOP_ANALYSIS = YES;
				CLANG_WARN_STRICT_PROTOTYPES = YES;
				CLANG_WARN_SUSPICIOUS_MOVE = YES;
				CLANG_WARN_UNGUARDED_AVAILABILITY = YES_AGGRESSIVE;
				CLANG_WARN_UNREACHABLE_CODE = YES;
				CLANG_WARN__DUPLICATE_METHOD_MATCH = YES;
				CODE_SIGN_IDENTITY = "iPhone Developer";
				COPY_PHASE_STRIP = NO;
				DEBUG_INFORMATION_FORMAT = dwarf;
				ENABLE_STRICT_OBJC_MSGSEND = YES;
				ENABLE_TESTABILITY = YES;
				GCC_C_LANGUAGE_STANDARD = gnu11;
				GCC_DYNAMIC_NO_PIC = NO;
				GCC_NO_COMMON_BLOCKS = YES;
				GCC_OPTIMIZATION_LEVEL = 0;
				GCC_PREPROCESSOR_DEFINITIONS = (
					"DEBUG=1",
					"$(inherited)",
				);
				GCC_WARN_64_TO_32_BIT_CONVERSION = YES;
				GCC_WARN_ABOUT_RETURN_TYPE = YES_ERROR;
				GCC_WARN_UNDECLARED_SELECTOR = YES;
				GCC_WARN_UNINITIALIZED_AUTOS = YES_AGGRESSIVE;
				GCC_WARN_UNUSED_FUNCTION = YES;
				GCC_WARN_UNUSED_VARIABLE = YES;
				IPHONEOS_DEPLOYMENT_TARGET = 12.2;
				MTL_ENABLE_DEBUG_INFO = INCLUDE_SOURCE;
				MTL_FAST_MATH = YES;
				ONLY_ACTIVE_ARCH = YES;
				SDKROOT = iphoneos;
				SWIFT_ACTIVE_COMPILATION_CONDITIONS = DEBUG;
				SWIFT_OPTIMIZATION_LEVEL = "-Onone";
			};
			name = Debug;
		};
		181BE615227C65040067519E /* Release */ = {
			isa = XCBuildConfiguration;
			buildSettings = {
				ALWAYS_SEARCH_USER_PATHS = NO;
				CLANG_ANALYZER_NONNULL = YES;
				CLANG_ANALYZER_NUMBER_OBJECT_CONVERSION = YES_AGGRESSIVE;
				CLANG_CXX_LANGUAGE_STANDARD = "gnu++14";
				CLANG_CXX_LIBRARY = "libc++";
				CLANG_ENABLE_MODULES = YES;
				CLANG_ENABLE_OBJC_ARC = YES;
				CLANG_ENABLE_OBJC_WEAK = YES;
				CLANG_WARN_BLOCK_CAPTURE_AUTORELEASING = YES;
				CLANG_WARN_BOOL_CONVERSION = YES;
				CLANG_WARN_COMMA = YES;
				CLANG_WARN_CONSTANT_CONVERSION = YES;
				CLANG_WARN_DEPRECATED_OBJC_IMPLEMENTATIONS = YES;
				CLANG_WARN_DIRECT_OBJC_ISA_USAGE = YES_ERROR;
				CLANG_WARN_DOCUMENTATION_COMMENTS = YES;
				CLANG_WARN_EMPTY_BODY = YES;
				CLANG_WARN_ENUM_CONVERSION = YES;
				CLANG_WARN_INFINITE_RECURSION = YES;
				CLANG_WARN_INT_CONVERSION = YES;
				CLANG_WARN_NON_LITERAL_NULL_CONVERSION = YES;
				CLANG_WARN_OBJC_IMPLICIT_RETAIN_SELF = YES;
				CLANG_WARN_OBJC_LITERAL_CONVERSION = YES;
				CLANG_WARN_OBJC_ROOT_CLASS = YES_ERROR;
				CLANG_WARN_RANGE_LOOP_ANALYSIS = YES;
				CLANG_WARN_STRICT_PROTOTYPES = YES;
				CLANG_WARN_SUSPICIOUS_MOVE = YES;
				CLANG_WARN_UNGUARDED_AVAILABILITY = YES_AGGRESSIVE;
				CLANG_WARN_UNREACHABLE_CODE = YES;
				CLANG_WARN__DUPLICATE_METHOD_MATCH = YES;
				CODE_SIGN_IDENTITY = "iPhone Developer";
				COPY_PHASE_STRIP = NO;
				DEBUG_INFORMATION_FORMAT = "dwarf-with-dsym";
				ENABLE_NS_ASSERTIONS = NO;
				ENABLE_STRICT_OBJC_MSGSEND = YES;
				GCC_C_LANGUAGE_STANDARD = gnu11;
				GCC_NO_COMMON_BLOCKS = YES;
				GCC_WARN_64_TO_32_BIT_CONVERSION = YES;
				GCC_WARN_ABOUT_RETURN_TYPE = YES_ERROR;
				GCC_WARN_UNDECLARED_SELECTOR = YES;
				GCC_WARN_UNINITIALIZED_AUTOS = YES_AGGRESSIVE;
				GCC_WARN_UNUSED_FUNCTION = YES;
				GCC_WARN_UNUSED_VARIABLE = YES;
				IPHONEOS_DEPLOYMENT_TARGET = 12.2;
				MTL_ENABLE_DEBUG_INFO = NO;
				MTL_FAST_MATH = YES;
				SDKROOT = iphoneos;
				SWIFT_COMPILATION_MODE = wholemodule;
				SWIFT_OPTIMIZATION_LEVEL = "-O";
				VALIDATE_PRODUCT = YES;
			};
			name = Release;
		};
		181BE617227C65040067519E /* Debug */ = {
			isa = XCBuildConfiguration;
			buildSettings = {
				ASSETCATALOG_COMPILER_APPICON_NAME = AppIcon;
				CODE_SIGN_STYLE = Automatic;
				DEVELOPMENT_TEAM = E33ED4848M;
				INFOPLIST_FILE = "ARKit-Class2/Info.plist";
				IPHONEOS_DEPLOYMENT_TARGET = 12.0;
				LD_RUNPATH_SEARCH_PATHS = (
					"$(inherited)",
					"@executable_path/Frameworks",
				);
				PRODUCT_BUNDLE_IDENTIFIER = "com.appsmall.ARKit-Class2";
				PRODUCT_NAME = "$(TARGET_NAME)";
				SWIFT_VERSION = 5.0;
				TARGETED_DEVICE_FAMILY = "1,2";
			};
			name = Debug;
		};
		181BE618227C65040067519E /* Release */ = {
			isa = XCBuildConfiguration;
			buildSettings = {
				ASSETCATALOG_COMPILER_APPICON_NAME = AppIcon;
				CODE_SIGN_STYLE = Automatic;
				DEVELOPMENT_TEAM = E33ED4848M;
				INFOPLIST_FILE = "ARKit-Class2/Info.plist";
				IPHONEOS_DEPLOYMENT_TARGET = 12.0;
				LD_RUNPATH_SEARCH_PATHS = (
					"$(inherited)",
					"@executable_path/Frameworks",
				);
				PRODUCT_BUNDLE_IDENTIFIER = "com.appsmall.ARKit-Class2";
				PRODUCT_NAME = "$(TARGET_NAME)";
				SWIFT_VERSION = 5.0;
				TARGETED_DEVICE_FAMILY = "1,2";
			};
			name = Release;
		};
/* End XCBuildConfiguration section */

/* Begin XCConfigurationList section */
		181BE5FF227C65020067519E /* Build configuration list for PBXProject "ARKit-Class2" */ = {
			isa = XCConfigurationList;
			buildConfigurations = (
				181BE614227C65040067519E /* Debug */,
				181BE615227C65040067519E /* Release */,
			);
			defaultConfigurationIsVisible = 0;
			defaultConfigurationName = Release;
		};
		181BE616227C65040067519E /* Build configuration list for PBXNativeTarget "ARKit-Class2" */ = {
			isa = XCConfigurationList;
			buildConfigurations = (
				181BE617227C65040067519E /* Debug */,
				181BE618227C65040067519E /* Release */,
			);
			defaultConfigurationIsVisible = 0;
			defaultConfigurationName = Release;
		};
/* End XCConfigurationList section */
	};
	rootObject = 181BE5FC227C65020067519E /* Project object */;
}
